// !$*UTF8*$!
{
	archiveVersion = 1;
	classes = {
	};
	objectVersion = 50;
	objects = {

/* Begin PBXBuildFile section */
		0404393F24A386720031ED83 /* Main.storyboard in Resources */ = {isa = PBXBuildFile; fileRef = 0404393E24A386720031ED83 /* Main.storyboard */; };
		04632E4D24736BD500454C6A /* AppDelegate.swift in Sources */ = {isa = PBXBuildFile; fileRef = 04632E4C24736BD500454C6A /* AppDelegate.swift */; };
		04632E4F24736BD500454C6A /* SceneDelegate.swift in Sources */ = {isa = PBXBuildFile; fileRef = 04632E4E24736BD500454C6A /* SceneDelegate.swift */; };
		04632E5124736BD500454C6A /* RecordSoundViewController.swift in Sources */ = {isa = PBXBuildFile; fileRef = 04632E5024736BD500454C6A /* RecordSoundViewController.swift */; };
		04632E5624736BE100454C6A /* Assets.xcassets in Resources */ = {isa = PBXBuildFile; fileRef = 04632E5524736BE100454C6A /* Assets.xcassets */; };
		04632E5924736BE100454C6A /* LaunchScreen.storyboard in Resources */ = {isa = PBXBuildFile; fileRef = 04632E5724736BE100454C6A /* LaunchScreen.storyboard */; };
		048A093E24A1ED8600967745 /* SoundEffectsViewController.swift in Sources */ = {isa = PBXBuildFile; fileRef = 048A093D24A1ED8600967745 /* SoundEffectsViewController.swift */; };
/* End PBXBuildFile section */

/* Begin PBXFileReference section */
		0404393E24A386720031ED83 /* Main.storyboard */ = {isa = PBXFileReference; fileEncoding = 4; lastKnownFileType = file.storyboard; name = Main.storyboard; path = ../../../../.Trash/Main.storyboard; sourceTree = "<group>"; };
		04632E4924736BD500454C6A /* Pitch Changer.app */ = {isa = PBXFileReference; explicitFileType = wrapper.application; includeInIndex = 0; path = "Pitch Changer.app"; sourceTree = BUILT_PRODUCTS_DIR; };
		04632E4C24736BD500454C6A /* AppDelegate.swift */ = {isa = PBXFileReference; lastKnownFileType = sourcecode.swift; path = AppDelegate.swift; sourceTree = "<group>"; };
		04632E4E24736BD500454C6A /* SceneDelegate.swift */ = {isa = PBXFileReference; lastKnownFileType = sourcecode.swift; path = SceneDelegate.swift; sourceTree = "<group>"; };
		04632E5024736BD500454C6A /* RecordSoundViewController.swift */ = {isa = PBXFileReference; lastKnownFileType = sourcecode.swift; path = RecordSoundViewController.swift; sourceTree = "<group>"; };
		04632E5524736BE100454C6A /* Assets.xcassets */ = {isa = PBXFileReference; lastKnownFileType = folder.assetcatalog; path = Assets.xcassets; sourceTree = "<group>"; };
		04632E5824736BE100454C6A /* Base */ = {isa = PBXFileReference; lastKnownFileType = file.storyboard; name = Base; path = Base.lproj/LaunchScreen.storyboard; sourceTree = "<group>"; };
		04632E5A24736BE100454C6A /* Info.plist */ = {isa = PBXFileReference; lastKnownFileType = text.plist.xml; path = Info.plist; sourceTree = "<group>"; };
		048A093D24A1ED8600967745 /* SoundEffectsViewController.swift */ = {isa = PBXFileReference; lastKnownFileType = sourcecode.swift; path = SoundEffectsViewController.swift; sourceTree = "<group>"; };
/* End PBXFileReference section */

/* Begin PBXFrameworksBuildPhase section */
		04632E4624736BD500454C6A /* Frameworks */ = {
			isa = PBXFrameworksBuildPhase;
			buildActionMask = 2147483647;
			files = (
			);
			runOnlyForDeploymentPostprocessing = 0;
		};
/* End PBXFrameworksBuildPhase section */

/* Begin PBXGroup section */
		04632E4024736BD500454C6A = {
			isa = PBXGroup;
			children = (
				04632E4B24736BD500454C6A /* Pitch Changer */,
				04632E4A24736BD500454C6A /* Products */,
			);
			sourceTree = "<group>";
		};
		04632E4A24736BD500454C6A /* Products */ = {
			isa = PBXGroup;
			children = (
				04632E4924736BD500454C6A /* Pitch Changer.app */,
			);
			name = Products;
			sourceTree = "<group>";
		};
		04632E4B24736BD500454C6A /* Pitch Changer */ = {
			isa = PBXGroup;
			children = (
				04632E4C24736BD500454C6A /* AppDelegate.swift */,
				04632E4E24736BD500454C6A /* SceneDelegate.swift */,
				04632E5024736BD500454C6A /* RecordSoundViewController.swift */,
				048A093D24A1ED8600967745 /* SoundEffectsViewController.swift */,
				0404393E24A386720031ED83 /* Main.storyboard */,
				04632E5524736BE100454C6A /* Assets.xcassets */,
				04632E5724736BE100454C6A /* LaunchScreen.storyboard */,
				04632E5A24736BE100454C6A /* Info.plist */,
			);
			path = "Pitch Changer";
			sourceTree = "<group>";
		};
/* End PBXGroup section */

/* Begin PBXNativeTarget section */
		04632E4824736BD500454C6A /* Pitch Changer */ = {
			isa = PBXNativeTarget;
			buildConfigurationList = 04632E5D24736BE100454C6A /* Build configuration list for PBXNativeTarget "Pitch Changer" */;
			buildPhases = (
				04632E4524736BD500454C6A /* Sources */,
				04632E4624736BD500454C6A /* Frameworks */,
				04632E4724736BD500454C6A /* Resources */,
			);
			buildRules = (
			);
			dependencies = (
			);
			name = "Pitch Changer";
			productName = "Pitch Changer";
			productReference = 04632E4924736BD500454C6A /* Pitch Changer.app */;
			productType = "com.apple.product-type.application";
		};
/* End PBXNativeTarget section */

/* Begin PBXProject section */
		04632E4124736BD500454C6A /* Project object */ = {
			isa = PBXProject;
			attributes = {
				LastSwiftUpdateCheck = 1140;
				LastUpgradeCheck = 1140;
				ORGANIZATIONNAME = Esraa;
				TargetAttributes = {
					04632E4824736BD500454C6A = {
						CreatedOnToolsVersion = 11.4.1;
					};
				};
			};
			buildConfigurationList = 04632E4424736BD500454C6A /* Build configuration list for PBXProject "Pitch Changer" */;
			compatibilityVersion = "Xcode 9.3";
			developmentRegion = en;
			hasScannedForEncodings = 0;
			knownRegions = (
				en,
				Base,
			);
			mainGroup = 04632E4024736BD500454C6A;
			productRefGroup = 04632E4A24736BD500454C6A /* Products */;
			projectDirPath = "";
			projectRoot = "";
			targets = (
				04632E4824736BD500454C6A /* Pitch Changer */,
			);
		};
/* End PBXProject section */

/* Begin PBXResourcesBuildPhase section */
		04632E4724736BD500454C6A /* Resources */ = {
			isa = PBXResourcesBuildPhase;
			buildActionMask = 2147483647;
			files = (
				0404393F24A386720031ED83 /* Main.storyboard in Resources */,
				04632E5924736BE100454C6A /* LaunchScreen.storyboard in Resources */,
				04632E5624736BE100454C6A /* Assets.xcassets in Resources */,
			);
			runOnlyForDeploymentPostprocessing = 0;
		};
/* End PBXResourcesBuildPhase section */

/* Begin PBXSourcesBuildPhase section */
		04632E4524736BD500454C6A /* Sources */ = {
			isa = PBXSourcesBuildPhase;
			buildActionMask = 2147483647;
			files = (
				04632E5124736BD500454C6A /* RecordSoundViewController.swift in Sources */,
				04632E4D24736BD500454C6A /* AppDelegate.swift in Sources */,
				048A093E24A1ED8600967745 /* SoundEffectsViewController.swift in Sources */,
				04632E4F24736BD500454C6A /* SceneDelegate.swift in Sources */,
			);
			runOnlyForDeploymentPostprocessing = 0;
		};
/* End PBXSourcesBuildPhase section */

/* Begin PBXVariantGroup section */
		04632E5724736BE100454C6A /* LaunchScreen.storyboard */ = {
			isa = PBXVariantGroup;
			children = (
				04632E5824736BE100454C6A /* Base */,
			);
			name = LaunchScreen.storyboard;
			sourceTree = "<group>";
		};
/* End PBXVariantGroup section */

/* Begin XCBuildConfiguration section */
		04632E5B24736BE100454C6A /* Debug */ = {
			isa = XCBuildConfiguration;
			buildSettings = {
				ALWAYS_SEARCH_USER_PATHS = NO;
				CLANG_ANALYZER_NONNULL = YES;
				CLANG_ANALYZER_NUMBER_OBJECT_CONVERSION = YES_AGGRESSIVE;
				CLANG_CXX_LANGUAGE_STANDARD = "gnu++14";
				CLANG_CXX_LIBRARY = "libc++";
				CLANG_ENABLE_MODULES = YES;
				CLANG_ENABLE_OBJC_ARC = YES;
				CLANG_ENABLE_OBJC_WEAK = YES;
				CLANG_WARN_BLOCK_CAPTURE_AUTORELEASING = YES;
				CLANG_WARN_BOOL_CONVERSION = YES;
				CLANG_WARN_COMMA = YES;
				CLANG_WARN_CONSTANT_CONVERSION = YES;
				CLANG_WARN_DEPRECATED_OBJC_IMPLEMENTATIONS = YES;
				CLANG_WARN_DIRECT_OBJC_ISA_USAGE = YES_ERROR;
				CLANG_WARN_DOCUMENTATION_COMMENTS = YES;
				CLANG_WARN_EMPTY_BODY = YES;
				CLANG_WARN_ENUM_CONVERSION = YES;
				CLANG_WARN_INFINITE_RECURSION = YES;
				CLANG_WARN_INT_CONVERSION = YES;
				CLANG_WARN_NON_LITERAL_NULL_CONVERSION = YES;
				CLANG_WARN_OBJC_IMPLICIT_RETAIN_SELF = YES;
				CLANG_WARN_OBJC_LITERAL_CONVERSION = YES;
				CLANG_WARN_OBJC_ROOT_CLASS = YES_ERROR;
				CLANG_WARN_RANGE_LOOP_ANALYSIS = YES;
				CLANG_WARN_STRICT_PROTOTYPES = YES;
				CLANG_WARN_SUSPICIOUS_MOVE = YES;
				CLANG_WARN_UNGUARDED_AVAILABILITY = YES_AGGRESSIVE;
				CLANG_WARN_UNREACHABLE_CODE = YES;
				CLANG_WARN__DUPLICATE_METHOD_MATCH = YES;
				COPY_PHASE_STRIP = NO;
				DEBUG_INFORMATION_FORMAT = dwarf;
				ENABLE_STRICT_OBJC_MSGSEND = YES;
				ENABLE_TESTABILITY = YES;
				GCC_C_LANGUAGE_STANDARD = gnu11;
				GCC_DYNAMIC_NO_PIC = NO;
				GCC_NO_COMMON_BLOCKS = YES;
				GCC_OPTIMIZATION_LEVEL = 0;
				GCC_PREPROCESSOR_DEFINITIONS = (
					"DEBUG=1",
					"$(inherited)",
				);
				GCC_WARN_64_TO_32_BIT_CONVERSION = YES;
				GCC_WARN_ABOUT_RETURN_TYPE = YES_ERROR;
				GCC_WARN_UNDECLARED_SELECTOR = YES;
				GCC_WARN_UNINITIALIZED_AUTOS = YES_AGGRESSIVE;
				GCC_WARN_UNUSED_FUNCTION = YES;
				GCC_WARN_UNUSED_VARIABLE = YES;
				IPHONEOS_DEPLOYMENT_TARGET = 13.4;
				MTL_ENABLE_DEBUG_INFO = INCLUDE_SOURCE;
				MTL_FAST_MATH = YES;
				ONLY_ACTIVE_ARCH = YES;
				SDKROOT = iphoneos;
				SWIFT_ACTIVE_COMPILATION_CONDITIONS = DEBUG;
				SWIFT_OPTIMIZATION_LEVEL = "-Onone";
			};
			name = Debug;
		};
		04632E5C24736BE100454C6A /* Release */ = {
			isa = XCBuildConfiguration;
			buildSettings = {
				ALWAYS_SEARCH_USER_PATHS = NO;
				CLANG_ANALYZER_NONNULL = YES;
				CLANG_ANALYZER_NUMBER_OBJECT_CONVERSION = YES_AGGRESSIVE;
				CLANG_CXX_LANGUAGE_STANDARD = "gnu++14";
				CLANG_CXX_LIBRARY = "libc++";
				CLANG_ENABLE_MODULES = YES;
				CLANG_ENABLE_OBJC_ARC = YES;
				CLANG_ENABLE_OBJC_WEAK = YES;
				CLANG_WARN_BLOCK_CAPTURE_AUTORELEASING = YES;
				CLANG_WARN_BOOL_CONVERSION = YES;
				CLANG_WARN_COMMA = YES;
				CLANG_WARN_CONSTANT_CONVERSION = YES;
				CLANG_WARN_DEPRECATED_OBJC_IMPLEMENTATIONS = YES;
				CLANG_WARN_DIRECT_OBJC_ISA_USAGE = YES_ERROR;
				CLANG_WARN_DOCUMENTATION_COMMENTS = YES;
				CLANG_WARN_EMPTY_BODY = YES;
				CLANG_WARN_ENUM_CONVERSION = YES;
				CLANG_WARN_INFINITE_RECURSION = YES;
				CLANG_WARN_INT_CONVERSION = YES;
				CLANG_WARN_NON_LITERAL_NULL_CONVERSION = YES;
				CLANG_WARN_OBJC_IMPLICIT_RETAIN_SELF = YES;
				CLANG_WARN_OBJC_LITERAL_CONVERSION = YES;
				CLANG_WARN_OBJC_ROOT_CLASS = YES_ERROR;
				CLANG_WARN_RANGE_LOOP_ANALYSIS = YES;
				CLANG_WARN_STRICT_PROTOTYPES = YES;
				CLANG_WARN_SUSPICIOUS_MOVE = YES;
				CLANG_WARN_UNGUARDED_AVAILABILITY = YES_AGGRESSIVE;
				CLANG_WARN_UNREACHABLE_CODE = YES;
				CLANG_WARN__DUPLICATE_METHOD_MATCH = YES;
				COPY_PHASE_STRIP = NO;
				DEBUG_INFORMATION_FORMAT = "dwarf-with-dsym";
				ENABLE_NS_ASSERTIONS = NO;
				ENABLE_STRICT_OBJC_MSGSEND = YES;
				GCC_C_LANGUAGE_STANDARD = gnu11;
				GCC_NO_COMMON_BLOCKS = YES;
				GCC_WARN_64_TO_32_BIT_CONVERSION = YES;
				GCC_WARN_ABOUT_RETURN_TYPE = YES_ERROR;
				GCC_WARN_UNDECLARED_SELECTOR = YES;
				GCC_WARN_UNINITIALIZED_AUTOS = YES_AGGRESSIVE;
				GCC_WARN_UNUSED_FUNCTION = YES;
				GCC_WARN_UNUSED_VARIABLE = YES;
				IPHONEOS_DEPLOYMENT_TARGET = 13.4;
				MTL_ENABLE_DEBUG_INFO = NO;
				MTL_FAST_MATH = YES;
				SDKROOT = iphoneos;
				SWIFT_COMPILATION_MODE = wholemodule;
				SWIFT_OPTIMIZATION_LEVEL = "-O";
				VALIDATE_PRODUCT = YES;
			};
			name = Release;
		};
		04632E5E24736BE100454C6A /* Debug */ = {
			isa = XCBuildConfiguration;
			buildSettings = {
				ASSETCATALOG_COMPILER_APPICON_NAME = AppIcon;
				CODE_SIGN_STYLE = Automatic;
				DEVELOPMENT_TEAM = T5GA7DTMUP;
				INFOPLIST_FILE = "Pitch Changer/Info.plist";
				LD_RUNPATH_SEARCH_PATHS = (
					"$(inherited)",
					"@executable_path/Frameworks",
				);
				PRODUCT_BUNDLE_IDENTIFIER = "com.esraa.Pitch-Changer";
				PRODUCT_NAME = "$(TARGET_NAME)";
				SWIFT_VERSION = 5.0;
				TARGETED_DEVICE_FAMILY = "1,2";
			};
			name = Debug;
		};
		04632E5F24736BE100454C6A /* Release */ = {
			isa = XCBuildConfiguration;
			buildSettings = {
				ASSETCATALOG_COMPILER_APPICON_NAME = AppIcon;
				CODE_SIGN_STYLE = Automatic;
				DEVELOPMENT_TEAM = T5GA7DTMUP;
				INFOPLIST_FILE = "Pitch Changer/Info.plist";
				LD_RUNPATH_SEARCH_PATHS = (
					"$(inherited)",
					"@executable_path/Frameworks",
				);
				PRODUCT_BUNDLE_IDENTIFIER = "com.esraa.Pitch-Changer";
				PRODUCT_NAME = "$(TARGET_NAME)";
				SWIFT_VERSION = 5.0;
				TARGETED_DEVICE_FAMILY = "1,2";
			};
			name = Release;
		};
/* End XCBuildConfiguration section */

/* Begin XCConfigurationList section */
		04632E4424736BD500454C6A /* Build configuration list for PBXProject "Pitch Changer" */ = {
			isa = XCConfigurationList;
			buildConfigurations = (
				04632E5B24736BE100454C6A /* Debug */,
				04632E5C24736BE100454C6A /* Release */,
			);
			defaultConfigurationIsVisible = 0;
			defaultConfigurationName = Release;
		};
		04632E5D24736BE100454C6A /* Build configuration list for PBXNativeTarget "Pitch Changer" */ = {
			isa = XCConfigurationList;
			buildConfigurations = (
				04632E5E24736BE100454C6A /* Debug */,
				04632E5F24736BE100454C6A /* Release */,
			);
			defaultConfigurationIsVisible = 0;
			defaultConfigurationName = Release;
		};
/* End XCConfigurationList section */
	};
	rootObject = 04632E4124736BD500454C6A /* Project object */;
}
